
Microsoft Visual Studio Solution File, Format Version 12.00
# Visual Studio Version 17
VisualStudioVersion = 17.3.32922.545
MinimumVisualStudioVersion = 10.0.40219.1
Project("{FAE04EC0-301F-11D3-BF4B-00C04F79EFBC}") = "Test 1 lessons 7", "Test 1 lessons 7\Test 1 lessons 7.csproj", "{4F84CE10-3E50-4E06-9708-692F8DD0CAAB}"
EndProject
Global
	GlobalSection(SolutionConfigurationPlatforms) = preSolution
		Debug|Any CPU = Debug|Any CPU
		Release|Any CPU = Release|Any CPU
	EndGlobalSection
	GlobalSection(ProjectConfigurationPlatforms) = postSolution
		{4F84CE10-3E50-4E06-9708-692F8DD0CAAB}.Debug|Any CPU.ActiveCfg = Debug|Any CPU
		{4F84CE10-3E50-4E06-9708-692F8DD0CAAB}.Debug|Any CPU.Build.0 = Debug|Any CPU
		{4F84CE10-3E50-4E06-9708-692F8DD0CAAB}.Release|Any CPU.ActiveCfg = Release|Any CPU
		{4F84CE10-3E50-4E06-9708-692F8DD0CAAB}.Release|Any CPU.Build.0 = Release|Any CPU
	EndGlobalSection
	GlobalSection(SolutionProperties) = preSolution
		HideSolutionNode = FALSE
	EndGlobalSection
	GlobalSection(ExtensibilityGlobals) = postSolution
		SolutionGuid = {48950D5D-57BC-4D75-8F46-8B2A3F789903}
	EndGlobalSection
EndGlobal
